
Microsoft Visual Studio Solution File, Format Version 12.00
# Visual Studio Version 16
VisualStudioVersion = 16.0.29709.97
MinimumVisualStudioVersion = 10.0.40219.1
Project("{9A19103F-16F7-4668-BE54-9A1E7A4F7556}") = "WpfClientCalulator", "WpfClientCalulator\WpfClientCalulator.csproj", "{E541F2EC-95A8-4D30-ADB3-BBFCB5498849}"
EndProject
Project("{FAE04EC0-301F-11D3-BF4B-00C04F79EFBC}") = "CalculatorServiceLibrary", "CalculatorServiceLibrary\CalculatorServiceLibrary.csproj", "{88463105-6CDF-4E6C-8772-5388302D3C13}"
EndProject
Global
	GlobalSection(SolutionConfigurationPlatforms) = preSolution
		Debug|Any CPU = Debug|Any CPU
		Release|Any CPU = Release|Any CPU
	EndGlobalSection
	GlobalSection(ProjectConfigurationPlatforms) = postSolution
		{E541F2EC-95A8-4D30-ADB3-BBFCB5498849}.Debug|Any CPU.ActiveCfg = Debug|Any CPU
		{E541F2EC-95A8-4D30-ADB3-BBFCB5498849}.Debug|Any CPU.Build.0 = Debug|Any CPU
		{E541F2EC-95A8-4D30-ADB3-BBFCB5498849}.Release|Any CPU.ActiveCfg = Release|Any CPU
		{E541F2EC-95A8-4D30-ADB3-BBFCB5498849}.Release|Any CPU.Build.0 = Release|Any CPU
		{88463105-6CDF-4E6C-8772-5388302D3C13}.Debug|Any CPU.ActiveCfg = Debug|Any CPU
		{88463105-6CDF-4E6C-8772-5388302D3C13}.Debug|Any CPU.Build.0 = Debug|Any CPU
		{88463105-6CDF-4E6C-8772-5388302D3C13}.Release|Any CPU.ActiveCfg = Release|Any CPU
		{88463105-6CDF-4E6C-8772-5388302D3C13}.Release|Any CPU.Build.0 = Release|Any CPU
	EndGlobalSection
	GlobalSection(SolutionProperties) = preSolution
		HideSolutionNode = FALSE
	EndGlobalSection
	GlobalSection(ExtensibilityGlobals) = postSolution
		SolutionGuid = {89FF93A4-6C0F-4107-80D8-22FA6EB3FC59}
	EndGlobalSection
EndGlobal
